{
  "name": "david-coxon",
  "version": "0.0.1",
  "lockfileVersion": 1,
  "requires": true,
  "dependencies": {
    "@kurone-kito/jsonresume-types": {
      "version": "0.1.2",
      "resolved": "https://registry.npmjs.org/@kurone-kito/jsonresume-types/-/jsonresume-types-0.1.2.tgz",
      "integrity": "sha512-PolALEnOKwZZbted/sq/bmNrirlndV2TyQyBsiecuU70SIkQdi4st1eiM08XspuiW54UWU/n0bBV5gW0DH46NA=="
    }
  }
}
